
Microsoft Visual Studio Solution File, Format Version 12.00
# Visual Studio 15
VisualStudioVersion = 15.0.28307.1778
MinimumVisualStudioVersion = 10.0.40219.1
Project("{FAE04EC0-301F-11D3-BF4B-00C04F79EFBC}") = "application", "application\application.csproj", "{2E0003E7-50FE-4AD2-8EA5-B9BF95A7AC1D}"
EndProject
Project("{FAE04EC0-301F-11D3-BF4B-00C04F79EFBC}") = "Library", "Library\Library.csproj", "{840C6A54-D93D-4658-A10D-EF6C3008789B}"
EndProject
Global
	GlobalSection(SolutionConfigurationPlatforms) = preSolution
		Debug|Any CPU = Debug|Any CPU
		Release|Any CPU = Release|Any CPU
	EndGlobalSection
	GlobalSection(ProjectConfigurationPlatforms) = postSolution
		{2E0003E7-50FE-4AD2-8EA5-B9BF95A7AC1D}.Debug|Any CPU.ActiveCfg = Debug|Any CPU
		{2E0003E7-50FE-4AD2-8EA5-B9BF95A7AC1D}.Debug|Any CPU.Build.0 = Debug|Any CPU
		{2E0003E7-50FE-4AD2-8EA5-B9BF95A7AC1D}.Release|Any CPU.ActiveCfg = Release|Any CPU
		{2E0003E7-50FE-4AD2-8EA5-B9BF95A7AC1D}.Release|Any CPU.Build.0 = Release|Any CPU
		{840C6A54-D93D-4658-A10D-EF6C3008789B}.Debug|Any CPU.ActiveCfg = Debug|Any CPU
		{840C6A54-D93D-4658-A10D-EF6C3008789B}.Debug|Any CPU.Build.0 = Debug|Any CPU
		{840C6A54-D93D-4658-A10D-EF6C3008789B}.Release|Any CPU.ActiveCfg = Release|Any CPU
		{840C6A54-D93D-4658-A10D-EF6C3008789B}.Release|Any CPU.Build.0 = Release|Any CPU
	EndGlobalSection
	GlobalSection(SolutionProperties) = preSolution
		HideSolutionNode = FALSE
	EndGlobalSection
	GlobalSection(ExtensibilityGlobals) = postSolution
		SolutionGuid = {1EC89E53-F58D-4C97-9753-3B5F67840DE6}
	EndGlobalSection
EndGlobal
